
Microsoft Visual Studio Solution File, Format Version 12.00
# Visual Studio Version 16
VisualStudioVersion = 16.0.29613.14
MinimumVisualStudioVersion = 10.0.40219.1
Project("{FAE04EC0-301F-11D3-BF4B-00C04F79EFBC}") = "Bug Tracker", "Bug Tracker.csproj", "{92A67B14-8EBB-4522-8C82-1095AD53E962}"
EndProject
Global
	GlobalSection(SolutionConfigurationPlatforms) = preSolution
		Debug|Any CPU = Debug|Any CPU
		Release|Any CPU = Release|Any CPU
	EndGlobalSection
	GlobalSection(ProjectConfigurationPlatforms) = postSolution
		{92A67B14-8EBB-4522-8C82-1095AD53E962}.Debug|Any CPU.ActiveCfg = Debug|Any CPU
		{92A67B14-8EBB-4522-8C82-1095AD53E962}.Debug|Any CPU.Build.0 = Debug|Any CPU
		{92A67B14-8EBB-4522-8C82-1095AD53E962}.Release|Any CPU.ActiveCfg = Release|Any CPU
		{92A67B14-8EBB-4522-8C82-1095AD53E962}.Release|Any CPU.Build.0 = Release|Any CPU
	EndGlobalSection
	GlobalSection(SolutionProperties) = preSolution
		HideSolutionNode = FALSE
	EndGlobalSection
	GlobalSection(ExtensibilityGlobals) = postSolution
		SolutionGuid = {CC7B4FA4-6C37-4733-81D1-7D8401626369}
	EndGlobalSection
EndGlobal
