
Microsoft Visual Studio Solution File, Format Version 12.00
# Visual Studio Version 16
VisualStudioVersion = 16.0.29613.14
MinimumVisualStudioVersion = 10.0.40219.1
Project("{FAE04EC0-301F-11D3-BF4B-00C04F79EFBC}") = "Bug Tracker", "Bug Tracker.csproj", "{50CCB893-2286-4341-8722-46E6D215B5EC}"
EndProject
Global
	GlobalSection(SolutionConfigurationPlatforms) = preSolution
		Debug|Any CPU = Debug|Any CPU
		Release|Any CPU = Release|Any CPU
	EndGlobalSection
	GlobalSection(ProjectConfigurationPlatforms) = postSolution
		{50CCB893-2286-4341-8722-46E6D215B5EC}.Debug|Any CPU.ActiveCfg = Debug|Any CPU
		{50CCB893-2286-4341-8722-46E6D215B5EC}.Debug|Any CPU.Build.0 = Debug|Any CPU
		{50CCB893-2286-4341-8722-46E6D215B5EC}.Release|Any CPU.ActiveCfg = Release|Any CPU
		{50CCB893-2286-4341-8722-46E6D215B5EC}.Release|Any CPU.Build.0 = Release|Any CPU
	EndGlobalSection
	GlobalSection(SolutionProperties) = preSolution
		HideSolutionNode = FALSE
	EndGlobalSection
	GlobalSection(ExtensibilityGlobals) = postSolution
		SolutionGuid = {E0E39195-0695-4E00-BDEF-0793B8362838}
	EndGlobalSection
EndGlobal
